{
  "name": "pg-node",
  "version": "0.0.1",
  "lockfileVersion": 3,
  "requires": true,
  "packages": {
    "": {
      "name": "pg-node",
      "version": "0.0.1",
      "license": "MIT",
      "dependencies": {
        "@e4a/pg-js": "file:../../postguard-js"
      },
      "engines": {
        "node": ">=20.6"
      }
    },
    "../../postguard-js": {
      "name": "@e4a/pg-js",
      "version": "0.0.0-managed-by-semantic-release",
      "license": "MIT",
      "dependencies": {
        "@e4a/pg-wasm": "^0.5.10",
        "@privacybydesign/yivi-client": "1.0.0",
        "@privacybydesign/yivi-core": "1.0.0",
        "@privacybydesign/yivi-css": "1.0.1",
        "@privacybydesign/yivi-web": "1.0.1",
        "@transcend-io/conflux": "^6.1.3"
      },
      "devDependencies": {
        "tsdown": "^0.21.10",
        "typescript": "^6.0.3",
        "vitest": "^4.1.5"
      },
      "engines": {
        "node": ">=20.3"
      }
    },
    "node_modules/@e4a/pg-js": {
      "resolved": "../../postguard-js",
      "link": true
    }
  }
}
